// !$*UTF8*$!
{
	archiveVersion = 1;
	classes = {
	};
	objectVersion = 56;
	objects = {

/* Begin PBXBuildFile section */
		F05349E429FD25C5003495D6 /* AppDelegate.swift in Sources */ = {isa = PBXBuildFile; fileRef = F05349E329FD25C5003495D6 /* AppDelegate.swift */; };
		F05349E629FD25C5003495D6 /* SceneDelegate.swift in Sources */ = {isa = PBXBuildFile; fileRef = F05349E529FD25C5003495D6 /* SceneDelegate.swift */; };
		F05349E829FD25C5003495D6 /* ViewController.swift in Sources */ = {isa = PBXBuildFile; fileRef = F05349E729FD25C5003495D6 /* ViewController.swift */; };
		F05349EB29FD25C5003495D6 /* Main.storyboard in Resources */ = {isa = PBXBuildFile; fileRef = F05349E929FD25C5003495D6 /* Main.storyboard */; };
		F05349ED29FD25C8003495D6 /* Assets.xcassets in Resources */ = {isa = PBXBuildFile; fileRef = F05349EC29FD25C8003495D6 /* Assets.xcassets */; };
		F05349F029FD25C8003495D6 /* LaunchScreen.storyboard in Resources */ = {isa = PBXBuildFile; fileRef = F05349EE29FD25C8003495D6 /* LaunchScreen.storyboard */; };
		F05349F829FD2DAB003495D6 /* CryptoTableViewCell.swift in Sources */ = {isa = PBXBuildFile; fileRef = F05349F729FD2DAB003495D6 /* CryptoTableViewCell.swift */; };
		F05349FF29FD32D8003495D6 /* CryptoModel.swift in Sources */ = {isa = PBXBuildFile; fileRef = F05349FE29FD32D8003495D6 /* CryptoModel.swift */; };
		F0534A0129FD446B003495D6 /* ConnectionService.swift in Sources */ = {isa = PBXBuildFile; fileRef = F0534A0029FD446B003495D6 /* ConnectionService.swift */; };
		F0534A032A03BE1A003495D6 /* CryptoViewModel.swift in Sources */ = {isa = PBXBuildFile; fileRef = F0534A022A03BE1A003495D6 /* CryptoViewModel.swift */; };
/* End PBXBuildFile section */

/* Begin PBXFileReference section */
		F05349E029FD25C5003495D6 /* CryptoCurrency.app */ = {isa = PBXFileReference; explicitFileType = wrapper.application; includeInIndex = 0; path = CryptoCurrency.app; sourceTree = BUILT_PRODUCTS_DIR; };
		F05349E329FD25C5003495D6 /* AppDelegate.swift */ = {isa = PBXFileReference; lastKnownFileType = sourcecode.swift; path = AppDelegate.swift; sourceTree = "<group>"; };
		F05349E529FD25C5003495D6 /* SceneDelegate.swift */ = {isa = PBXFileReference; lastKnownFileType = sourcecode.swift; path = SceneDelegate.swift; sourceTree = "<group>"; };
		F05349E729FD25C5003495D6 /* ViewController.swift */ = {isa = PBXFileReference; lastKnownFileType = sourcecode.swift; path = ViewController.swift; sourceTree = "<group>"; };
		F05349EA29FD25C5003495D6 /* Base */ = {isa = PBXFileReference; lastKnownFileType = file.storyboard; name = Base; path = Base.lproj/Main.storyboard; sourceTree = "<group>"; };
		F05349EC29FD25C8003495D6 /* Assets.xcassets */ = {isa = PBXFileReference; lastKnownFileType = folder.assetcatalog; path = Assets.xcassets; sourceTree = "<group>"; };
		F05349EF29FD25C8003495D6 /* Base */ = {isa = PBXFileReference; lastKnownFileType = file.storyboard; name = Base; path = Base.lproj/LaunchScreen.storyboard; sourceTree = "<group>"; };
		F05349F129FD25C8003495D6 /* Info.plist */ = {isa = PBXFileReference; lastKnownFileType = text.plist.xml; path = Info.plist; sourceTree = "<group>"; };
		F05349F729FD2DAB003495D6 /* CryptoTableViewCell.swift */ = {isa = PBXFileReference; lastKnownFileType = sourcecode.swift; path = CryptoTableViewCell.swift; sourceTree = "<group>"; };
		F05349FE29FD32D8003495D6 /* CryptoModel.swift */ = {isa = PBXFileReference; lastKnownFileType = sourcecode.swift; path = CryptoModel.swift; sourceTree = "<group>"; };
		F0534A0029FD446B003495D6 /* ConnectionService.swift */ = {isa = PBXFileReference; lastKnownFileType = sourcecode.swift; path = ConnectionService.swift; sourceTree = "<group>"; };
		F0534A022A03BE1A003495D6 /* CryptoViewModel.swift */ = {isa = PBXFileReference; lastKnownFileType = sourcecode.swift; path = CryptoViewModel.swift; sourceTree = "<group>"; };
/* End PBXFileReference section */

/* Begin PBXFrameworksBuildPhase section */
		F05349DD29FD25C5003495D6 /* Frameworks */ = {
			isa = PBXFrameworksBuildPhase;
			buildActionMask = 2147483647;
			files = (
			);
			runOnlyForDeploymentPostprocessing = 0;
		};
/* End PBXFrameworksBuildPhase section */

/* Begin PBXGroup section */
		F05349D729FD25C5003495D6 = {
			isa = PBXGroup;
			children = (
				F05349E229FD25C5003495D6 /* CryptoCurrency */,
				F05349E129FD25C5003495D6 /* Products */,
			);
			sourceTree = "<group>";
		};
		F05349E129FD25C5003495D6 /* Products */ = {
			isa = PBXGroup;
			children = (
				F05349E029FD25C5003495D6 /* CryptoCurrency.app */,
			);
			name = Products;
			sourceTree = "<group>";
		};
		F05349E229FD25C5003495D6 /* CryptoCurrency */ = {
			isa = PBXGroup;
			children = (
				F05349FD29FD3285003495D6 /* Service */,
				F05349FC29FD327C003495D6 /* ViewModel */,
				F05349FB29FD3275003495D6 /* Model */,
				F05349FA29FD3269003495D6 /* View */,
				F05349E929FD25C5003495D6 /* Main.storyboard */,
				F05349EC29FD25C8003495D6 /* Assets.xcassets */,
				F05349EE29FD25C8003495D6 /* LaunchScreen.storyboard */,
				F05349F129FD25C8003495D6 /* Info.plist */,
			);
			path = CryptoCurrency;
			sourceTree = "<group>";
		};
		F05349FA29FD3269003495D6 /* View */ = {
			isa = PBXGroup;
			children = (
				F05349E329FD25C5003495D6 /* AppDelegate.swift */,
				F05349E529FD25C5003495D6 /* SceneDelegate.swift */,
				F05349E729FD25C5003495D6 /* ViewController.swift */,
				F05349F729FD2DAB003495D6 /* CryptoTableViewCell.swift */,
			);
			path = View;
			sourceTree = "<group>";
		};
		F05349FB29FD3275003495D6 /* Model */ = {
			isa = PBXGroup;
			children = (
				F05349FE29FD32D8003495D6 /* CryptoModel.swift */,
			);
			path = Model;
			sourceTree = "<group>";
		};
		F05349FC29FD327C003495D6 /* ViewModel */ = {
			isa = PBXGroup;
			children = (
				F0534A022A03BE1A003495D6 /* CryptoViewModel.swift */,
			);
			path = ViewModel;
			sourceTree = "<group>";
		};
		F05349FD29FD3285003495D6 /* Service */ = {
			isa = PBXGroup;
			children = (
				F0534A0029FD446B003495D6 /* ConnectionService.swift */,
			);
			path = Service;
			sourceTree = "<group>";
		};
/* End PBXGroup section */

/* Begin PBXNativeTarget section */
		F05349DF29FD25C5003495D6 /* CryptoCurrency */ = {
			isa = PBXNativeTarget;
			buildConfigurationList = F05349F429FD25C8003495D6 /* Build configuration list for PBXNativeTarget "CryptoCurrency" */;
			buildPhases = (
				F05349DC29FD25C5003495D6 /* Sources */,
				F05349DD29FD25C5003495D6 /* Frameworks */,
				F05349DE29FD25C5003495D6 /* Resources */,
			);
			buildRules = (
			);
			dependencies = (
			);
			name = CryptoCurrency;
			productName = CryptoCurrency;
			productReference = F05349E029FD25C5003495D6 /* CryptoCurrency.app */;
			productType = "com.apple.product-type.application";
		};
/* End PBXNativeTarget section */

/* Begin PBXProject section */
		F05349D829FD25C5003495D6 /* Project object */ = {
			isa = PBXProject;
			attributes = {
				BuildIndependentTargetsInParallel = 1;
				LastSwiftUpdateCheck = 1420;
				LastUpgradeCheck = 1420;
				TargetAttributes = {
					F05349DF29FD25C5003495D6 = {
						CreatedOnToolsVersion = 14.2;
					};
				};
			};
			buildConfigurationList = F05349DB29FD25C5003495D6 /* Build configuration list for PBXProject "CryptoCurrency" */;
			compatibilityVersion = "Xcode 14.0";
			developmentRegion = en;
			hasScannedForEncodings = 0;
			knownRegions = (
				en,
				Base,
			);
			mainGroup = F05349D729FD25C5003495D6;
			productRefGroup = F05349E129FD25C5003495D6 /* Products */;
			projectDirPath = "";
			projectRoot = "";
			targets = (
				F05349DF29FD25C5003495D6 /* CryptoCurrency */,
			);
		};
/* End PBXProject section */

/* Begin PBXResourcesBuildPhase section */
		F05349DE29FD25C5003495D6 /* Resources */ = {
			isa = PBXResourcesBuildPhase;
			buildActionMask = 2147483647;
			files = (
				F05349F029FD25C8003495D6 /* LaunchScreen.storyboard in Resources */,
				F05349ED29FD25C8003495D6 /* Assets.xcassets in Resources */,
				F05349EB29FD25C5003495D6 /* Main.storyboard in Resources */,
			);
			runOnlyForDeploymentPostprocessing = 0;
		};
/* End PBXResourcesBuildPhase section */

/* Begin PBXSourcesBuildPhase section */
		F05349DC29FD25C5003495D6 /* Sources */ = {
			isa = PBXSourcesBuildPhase;
			buildActionMask = 2147483647;
			files = (
				F05349F829FD2DAB003495D6 /* CryptoTableViewCell.swift in Sources */,
				F05349E829FD25C5003495D6 /* ViewController.swift in Sources */,
				F05349E429FD25C5003495D6 /* AppDelegate.swift in Sources */,
				F0534A032A03BE1A003495D6 /* CryptoViewModel.swift in Sources */,
				F0534A0129FD446B003495D6 /* ConnectionService.swift in Sources */,
				F05349E629FD25C5003495D6 /* SceneDelegate.swift in Sources */,
				F05349FF29FD32D8003495D6 /* CryptoModel.swift in Sources */,
			);
			runOnlyForDeploymentPostprocessing = 0;
		};
/* End PBXSourcesBuildPhase section */

/* Begin PBXVariantGroup section */
		F05349E929FD25C5003495D6 /* Main.storyboard */ = {
			isa = PBXVariantGroup;
			children = (
				F05349EA29FD25C5003495D6 /* Base */,
			);
			name = Main.storyboard;
			sourceTree = "<group>";
		};
		F05349EE29FD25C8003495D6 /* LaunchScreen.storyboard */ = {
			isa = PBXVariantGroup;
			children = (
				F05349EF29FD25C8003495D6 /* Base */,
			);
			name = LaunchScreen.storyboard;
			sourceTree = "<group>";
		};
/* End PBXVariantGroup section */

/* Begin XCBuildConfiguration section */
		F05349F229FD25C8003495D6 /* Debug */ = {
			isa = XCBuildConfiguration;
			buildSettings = {
				ALWAYS_SEARCH_USER_PATHS = NO;
				CLANG_ANALYZER_NONNULL = YES;
				CLANG_ANALYZER_NUMBER_OBJECT_CONVERSION = YES_AGGRESSIVE;
				CLANG_CXX_LANGUAGE_STANDARD = "gnu++20";
				CLANG_ENABLE_MODULES = YES;
				CLANG_ENABLE_OBJC_ARC = YES;
				CLANG_ENABLE_OBJC_WEAK = YES;
				CLANG_WARN_BLOCK_CAPTURE_AUTORELEASING = YES;
				CLANG_WARN_BOOL_CONVERSION = YES;
				CLANG_WARN_COMMA = YES;
				CLANG_WARN_CONSTANT_CONVERSION = YES;
				CLANG_WARN_DEPRECATED_OBJC_IMPLEMENTATIONS = YES;
				CLANG_WARN_DIRECT_OBJC_ISA_USAGE = YES_ERROR;
				CLANG_WARN_DOCUMENTATION_COMMENTS = YES;
				CLANG_WARN_EMPTY_BODY = YES;
				CLANG_WARN_ENUM_CONVERSION = YES;
				CLANG_WARN_INFINITE_RECURSION = YES;
				CLANG_WARN_INT_CONVERSION = YES;
				CLANG_WARN_NON_LITERAL_NULL_CONVERSION = YES;
				CLANG_WARN_OBJC_IMPLICIT_RETAIN_SELF = YES;
				CLANG_WARN_OBJC_LITERAL_CONVERSION = YES;
				CLANG_WARN_OBJC_ROOT_CLASS = YES_ERROR;
				CLANG_WARN_QUOTED_INCLUDE_IN_FRAMEWORK_HEADER = YES;
				CLANG_WARN_RANGE_LOOP_ANALYSIS = YES;
				CLANG_WARN_STRICT_PROTOTYPES = YES;
				CLANG_WARN_SUSPICIOUS_MOVE = YES;
				CLANG_WARN_UNGUARDED_AVAILABILITY = YES_AGGRESSIVE;
				CLANG_WARN_UNREACHABLE_CODE = YES;
				CLANG_WARN__DUPLICATE_METHOD_MATCH = YES;
				COPY_PHASE_STRIP = NO;
				DEBUG_INFORMATION_FORMAT = dwarf;
				ENABLE_STRICT_OBJC_MSGSEND = YES;
				ENABLE_TESTABILITY = YES;
				GCC_C_LANGUAGE_STANDARD = gnu11;
				GCC_DYNAMIC_NO_PIC = NO;
				GCC_NO_COMMON_BLOCKS = YES;
				GCC_OPTIMIZATION_LEVEL = 0;
				GCC_PREPROCESSOR_DEFINITIONS = (
					"DEBUG=1",
					"$(inherited)",
				);
				GCC_WARN_64_TO_32_BIT_CONVERSION = YES;
				GCC_WARN_ABOUT_RETURN_TYPE = YES_ERROR;
				GCC_WARN_UNDECLARED_SELECTOR = YES;
				GCC_WARN_UNINITIALIZED_AUTOS = YES_AGGRESSIVE;
				GCC_WARN_UNUSED_FUNCTION = YES;
				GCC_WARN_UNUSED_VARIABLE = YES;
				IPHONEOS_DEPLOYMENT_TARGET = 16.2;
				MTL_ENABLE_DEBUG_INFO = INCLUDE_SOURCE;
				MTL_FAST_MATH = YES;
				ONLY_ACTIVE_ARCH = YES;
				SDKROOT = iphoneos;
				SWIFT_ACTIVE_COMPILATION_CONDITIONS = DEBUG;
				SWIFT_OPTIMIZATION_LEVEL = "-Onone";
			};
			name = Debug;
		};
		F05349F329FD25C8003495D6 /* Release */ = {
			isa = XCBuildConfiguration;
			buildSettings = {
				ALWAYS_SEARCH_USER_PATHS = NO;
				CLANG_ANALYZER_NONNULL = YES;
				CLANG_ANALYZER_NUMBER_OBJECT_CONVERSION = YES_AGGRESSIVE;
				CLANG_CXX_LANGUAGE_STANDARD = "gnu++20";
				CLANG_ENABLE_MODULES = YES;
				CLANG_ENABLE_OBJC_ARC = YES;
				CLANG_ENABLE_OBJC_WEAK = YES;
				CLANG_WARN_BLOCK_CAPTURE_AUTORELEASING = YES;
				CLANG_WARN_BOOL_CONVERSION = YES;
				CLANG_WARN_COMMA = YES;
				CLANG_WARN_CONSTANT_CONVERSION = YES;
				CLANG_WARN_DEPRECATED_OBJC_IMPLEMENTATIONS = YES;
				CLANG_WARN_DIRECT_OBJC_ISA_USAGE = YES_ERROR;
				CLANG_WARN_DOCUMENTATION_COMMENTS = YES;
				CLANG_WARN_EMPTY_BODY = YES;
				CLANG_WARN_ENUM_CONVERSION = YES;
				CLANG_WARN_INFINITE_RECURSION = YES;
				CLANG_WARN_INT_CONVERSION = YES;
				CLANG_WARN_NON_LITERAL_NULL_CONVERSION = YES;
				CLANG_WARN_OBJC_IMPLICIT_RETAIN_SELF = YES;
				CLANG_WARN_OBJC_LITERAL_CONVERSION = YES;
				CLANG_WARN_OBJC_ROOT_CLASS = YES_ERROR;
				CLANG_WARN_QUOTED_INCLUDE_IN_FRAMEWORK_HEADER = YES;
				CLANG_WARN_RANGE_LOOP_ANALYSIS = YES;
				CLANG_WARN_STRICT_PROTOTYPES = YES;
				CLANG_WARN_SUSPICIOUS_MOVE = YES;
				CLANG_WARN_UNGUARDED_AVAILABILITY = YES_AGGRESSIVE;
				CLANG_WARN_UNREACHABLE_CODE = YES;
				CLANG_WARN__DUPLICATE_METHOD_MATCH = YES;
				COPY_PHASE_STRIP = NO;
				DEBUG_INFORMATION_FORMAT = "dwarf-with-dsym";
				ENABLE_NS_ASSERTIONS = NO;
				ENABLE_STRICT_OBJC_MSGSEND = YES;
				GCC_C_LANGUAGE_STANDARD = gnu11;
				GCC_NO_COMMON_BLOCKS = YES;
				GCC_WARN_64_TO_32_BIT_CONVERSION = YES;
				GCC_WARN_ABOUT_RETURN_TYPE = YES_ERROR;
				GCC_WARN_UNDECLARED_SELECTOR = YES;
				GCC_WARN_UNINITIALIZED_AUTOS = YES_AGGRESSIVE;
				GCC_WARN_UNUSED_FUNCTION = YES;
				GCC_WARN_UNUSED_VARIABLE = YES;
				IPHONEOS_DEPLOYMENT_TARGET = 16.2;
				MTL_ENABLE_DEBUG_INFO = NO;
				MTL_FAST_MATH = YES;
				SDKROOT = iphoneos;
				SWIFT_COMPILATION_MODE = wholemodule;
				SWIFT_OPTIMIZATION_LEVEL = "-O";
				VALIDATE_PRODUCT = YES;
			};
			name = Release;
		};
		F05349F529FD25C8003495D6 /* Debug */ = {
			isa = XCBuildConfiguration;
			buildSettings = {
				ASSETCATALOG_COMPILER_APPICON_NAME = AppIcon;
				ASSETCATALOG_COMPILER_GLOBAL_ACCENT_COLOR_NAME = AccentColor;
				CODE_SIGN_STYLE = Automatic;
				CURRENT_PROJECT_VERSION = 1;
				DEVELOPMENT_TEAM = C2U2747RPS;
				GENERATE_INFOPLIST_FILE = YES;
				INFOPLIST_FILE = CryptoCurrency/Info.plist;
				INFOPLIST_KEY_UIApplicationSupportsIndirectInputEvents = YES;
				INFOPLIST_KEY_UILaunchStoryboardName = LaunchScreen;
				INFOPLIST_KEY_UIMainStoryboardFile = Main;
				INFOPLIST_KEY_UISupportedInterfaceOrientations_iPad = "UIInterfaceOrientationPortrait UIInterfaceOrientationPortraitUpsideDown UIInterfaceOrientationLandscapeLeft UIInterfaceOrientationLandscapeRight";
				INFOPLIST_KEY_UISupportedInterfaceOrientations_iPhone = "UIInterfaceOrientationPortrait UIInterfaceOrientationLandscapeLeft UIInterfaceOrientationLandscapeRight";
				LD_RUNPATH_SEARCH_PATHS = (
					"$(inherited)",
					"@executable_path/Frameworks",
				);
				MARKETING_VERSION = 1.0;
				PRODUCT_BUNDLE_IDENTIFIER = com.abc.CryptoCurrency;
				PRODUCT_NAME = "$(TARGET_NAME)";
				SWIFT_EMIT_LOC_STRINGS = YES;
				SWIFT_VERSION = 5.0;
				TARGETED_DEVICE_FAMILY = "1,2";
			};
			name = Debug;
		};
		F05349F629FD25C8003495D6 /* Release */ = {
			isa = XCBuildConfiguration;
			buildSettings = {
				ASSETCATALOG_COMPILER_APPICON_NAME = AppIcon;
				ASSETCATALOG_COMPILER_GLOBAL_ACCENT_COLOR_NAME = AccentColor;
				CODE_SIGN_STYLE = Automatic;
				CURRENT_PROJECT_VERSION = 1;
				DEVELOPMENT_TEAM = C2U2747RPS;
				GENERATE_INFOPLIST_FILE = YES;
				INFOPLIST_FILE = CryptoCurrency/Info.plist;
				INFOPLIST_KEY_UIApplicationSupportsIndirectInputEvents = YES;
				INFOPLIST_KEY_UILaunchStoryboardName = LaunchScreen;
				INFOPLIST_KEY_UIMainStoryboardFile = Main;
				INFOPLIST_KEY_UISupportedInterfaceOrientations_iPad = "UIInterfaceOrientationPortrait UIInterfaceOrientationPortraitUpsideDown UIInterfaceOrientationLandscapeLeft UIInterfaceOrientationLandscapeRight";
				INFOPLIST_KEY_UISupportedInterfaceOrientations_iPhone = "UIInterfaceOrientationPortrait UIInterfaceOrientationLandscapeLeft UIInterfaceOrientationLandscapeRight";
				LD_RUNPATH_SEARCH_PATHS = (
					"$(inherited)",
					"@executable_path/Frameworks",
				);
				MARKETING_VERSION = 1.0;
				PRODUCT_BUNDLE_IDENTIFIER = com.abc.CryptoCurrency;
				PRODUCT_NAME = "$(TARGET_NAME)";
				SWIFT_EMIT_LOC_STRINGS = YES;
				SWIFT_VERSION = 5.0;
				TARGETED_DEVICE_FAMILY = "1,2";
			};
			name = Release;
		};
/* End XCBuildConfiguration section */

/* Begin XCConfigurationList section */
		F05349DB29FD25C5003495D6 /* Build configuration list for PBXProject "CryptoCurrency" */ = {
			isa = XCConfigurationList;
			buildConfigurations = (
				F05349F229FD25C8003495D6 /* Debug */,
				F05349F329FD25C8003495D6 /* Release */,
			);
			defaultConfigurationIsVisible = 0;
			defaultConfigurationName = Release;
		};
		F05349F429FD25C8003495D6 /* Build configuration list for PBXNativeTarget "CryptoCurrency" */ = {
			isa = XCConfigurationList;
			buildConfigurations = (
				F05349F529FD25C8003495D6 /* Debug */,
				F05349F629FD25C8003495D6 /* Release */,
			);
			defaultConfigurationIsVisible = 0;
			defaultConfigurationName = Release;
		};
/* End XCConfigurationList section */
	};
	rootObject = F05349D829FD25C5003495D6 /* Project object */;
}
